// !$*UTF8*$!
{
	archiveVersion = 1;
	classes = {
	};
	objectVersion = 50;
	objects = {

/* Begin PBXBuildFile section */
		6B09A11E2344B54100008AE7 /* LoadingAnimation.swift in Sources */ = {isa = PBXBuildFile; fileRef = 6B09A11D2344B54100008AE7 /* LoadingAnimation.swift */; };
		6B0BFF5B2343C89D009B07A2 /* PrimarySplitViewController.swift in Sources */ = {isa = PBXBuildFile; fileRef = 6B0BFF5A2343C89D009B07A2 /* PrimarySplitViewController.swift */; };
		6B0D7AD62343310800B00609 /* DetailViewController.swift in Sources */ = {isa = PBXBuildFile; fileRef = 6B0D7AD52343310800B00609 /* DetailViewController.swift */; };
		6B0D7AD82343336200B00609 /* FoodListViewController.swift in Sources */ = {isa = PBXBuildFile; fileRef = 6B0D7AD72343336200B00609 /* FoodListViewController.swift */; };
		6B0D7ADB234338D700B00609 /* APIManager.swift in Sources */ = {isa = PBXBuildFile; fileRef = 6B0D7ADA234338D700B00609 /* APIManager.swift */; };
		6B0D7ADD234341B300B00609 /* RecipeModel.swift in Sources */ = {isa = PBXBuildFile; fileRef = 6B0D7ADC234341B300B00609 /* RecipeModel.swift */; };
		6B1C9DF823427A50006F90AF /* AppDelegate.swift in Sources */ = {isa = PBXBuildFile; fileRef = 6B1C9DF723427A50006F90AF /* AppDelegate.swift */; };
		6B1C9DFD23427A50006F90AF /* Main.storyboard in Resources */ = {isa = PBXBuildFile; fileRef = 6B1C9DFB23427A50006F90AF /* Main.storyboard */; };
		6B1C9DFF23427A51006F90AF /* Assets.xcassets in Resources */ = {isa = PBXBuildFile; fileRef = 6B1C9DFE23427A51006F90AF /* Assets.xcassets */; };
		6B1C9E0223427A51006F90AF /* LaunchScreen.storyboard in Resources */ = {isa = PBXBuildFile; fileRef = 6B1C9E0023427A51006F90AF /* LaunchScreen.storyboard */; };
		6B1C9E0C23427ADC006F90AF /* FoodTableViewCell.swift in Sources */ = {isa = PBXBuildFile; fileRef = 6B1C9E0A23427ADC006F90AF /* FoodTableViewCell.swift */; };
		6B1C9E0D23427ADC006F90AF /* FoodTableViewCell.xib in Resources */ = {isa = PBXBuildFile; fileRef = 6B1C9E0B23427ADC006F90AF /* FoodTableViewCell.xib */; };
		6B23D6DD23448999001B57E5 /* BlurLoader.swift in Sources */ = {isa = PBXBuildFile; fileRef = 6B23D6DC23448999001B57E5 /* BlurLoader.swift */; };
		6B7A31F12343969700396399 /* WebKit.framework in Frameworks */ = {isa = PBXBuildFile; fileRef = 6B7A31F02343969700396399 /* WebKit.framework */; };
		6BD4C8AA2345F33900D72A1E /* ImageFromUrl.swift in Sources */ = {isa = PBXBuildFile; fileRef = 6BD4C8A92345F33900D72A1E /* ImageFromUrl.swift */; };
/* End PBXBuildFile section */

/* Begin PBXFileReference section */
		6B09A11D2344B54100008AE7 /* LoadingAnimation.swift */ = {isa = PBXFileReference; lastKnownFileType = sourcecode.swift; path = LoadingAnimation.swift; sourceTree = "<group>"; };
		6B0BFF5A2343C89D009B07A2 /* PrimarySplitViewController.swift */ = {isa = PBXFileReference; lastKnownFileType = sourcecode.swift; path = PrimarySplitViewController.swift; sourceTree = "<group>"; };
		6B0D7AD52343310800B00609 /* DetailViewController.swift */ = {isa = PBXFileReference; lastKnownFileType = sourcecode.swift; path = DetailViewController.swift; sourceTree = "<group>"; };
		6B0D7AD72343336200B00609 /* FoodListViewController.swift */ = {isa = PBXFileReference; lastKnownFileType = sourcecode.swift; path = FoodListViewController.swift; sourceTree = "<group>"; };
		6B0D7ADA234338D700B00609 /* APIManager.swift */ = {isa = PBXFileReference; lastKnownFileType = sourcecode.swift; path = APIManager.swift; sourceTree = "<group>"; };
		6B0D7ADC234341B300B00609 /* RecipeModel.swift */ = {isa = PBXFileReference; lastKnownFileType = sourcecode.swift; path = RecipeModel.swift; sourceTree = "<group>"; };
		6B1C9DF423427A50006F90AF /* Food2ForkMVVM.app */ = {isa = PBXFileReference; explicitFileType = wrapper.application; includeInIndex = 0; path = Food2ForkMVVM.app; sourceTree = BUILT_PRODUCTS_DIR; };
		6B1C9DF723427A50006F90AF /* AppDelegate.swift */ = {isa = PBXFileReference; lastKnownFileType = sourcecode.swift; path = AppDelegate.swift; sourceTree = "<group>"; };
		6B1C9DFC23427A50006F90AF /* Base */ = {isa = PBXFileReference; lastKnownFileType = file.storyboard; name = Base; path = Base.lproj/Main.storyboard; sourceTree = "<group>"; };
		6B1C9DFE23427A51006F90AF /* Assets.xcassets */ = {isa = PBXFileReference; lastKnownFileType = folder.assetcatalog; path = Assets.xcassets; sourceTree = "<group>"; };
		6B1C9E0123427A51006F90AF /* Base */ = {isa = PBXFileReference; lastKnownFileType = file.storyboard; name = Base; path = Base.lproj/LaunchScreen.storyboard; sourceTree = "<group>"; };
		6B1C9E0323427A51006F90AF /* Info.plist */ = {isa = PBXFileReference; lastKnownFileType = text.plist.xml; path = Info.plist; sourceTree = "<group>"; };
		6B1C9E0A23427ADC006F90AF /* FoodTableViewCell.swift */ = {isa = PBXFileReference; lastKnownFileType = sourcecode.swift; path = FoodTableViewCell.swift; sourceTree = "<group>"; };
		6B1C9E0B23427ADC006F90AF /* FoodTableViewCell.xib */ = {isa = PBXFileReference; lastKnownFileType = file.xib; path = FoodTableViewCell.xib; sourceTree = "<group>"; };
		6B23D6DC23448999001B57E5 /* BlurLoader.swift */ = {isa = PBXFileReference; lastKnownFileType = sourcecode.swift; path = BlurLoader.swift; sourceTree = "<group>"; };
		6B7A31F02343969700396399 /* WebKit.framework */ = {isa = PBXFileReference; lastKnownFileType = wrapper.framework; name = WebKit.framework; path = System/Library/Frameworks/WebKit.framework; sourceTree = SDKROOT; };
		6BD4C8A92345F33900D72A1E /* ImageFromUrl.swift */ = {isa = PBXFileReference; lastKnownFileType = sourcecode.swift; path = ImageFromUrl.swift; sourceTree = "<group>"; };
/* End PBXFileReference section */

/* Begin PBXFrameworksBuildPhase section */
		6B1C9DF123427A50006F90AF /* Frameworks */ = {
			isa = PBXFrameworksBuildPhase;
			buildActionMask = 2147483647;
			files = (
				6B7A31F12343969700396399 /* WebKit.framework in Frameworks */,
			);
			runOnlyForDeploymentPostprocessing = 0;
		};
/* End PBXFrameworksBuildPhase section */

/* Begin PBXGroup section */
		6B0D7AD9234338AE00B00609 /* APIManager */ = {
			isa = PBXGroup;
			children = (
				6B0D7ADA234338D700B00609 /* APIManager.swift */,
				6BD4C8A92345F33900D72A1E /* ImageFromUrl.swift */,
			);
			path = APIManager;
			sourceTree = "<group>";
		};
		6B0D7ADE2343460800B00609 /* Model */ = {
			isa = PBXGroup;
			children = (
				6B0D7ADC234341B300B00609 /* RecipeModel.swift */,
			);
			path = Model;
			sourceTree = "<group>";
		};
		6B1C9DEB23427A50006F90AF = {
			isa = PBXGroup;
			children = (
				6B1C9DF623427A50006F90AF /* Food2ForkMVVM */,
				6B1C9DF523427A50006F90AF /* Products */,
				6B7A31EF2343969700396399 /* Frameworks */,
			);
			sourceTree = "<group>";
		};
		6B1C9DF523427A50006F90AF /* Products */ = {
			isa = PBXGroup;
			children = (
				6B1C9DF423427A50006F90AF /* Food2ForkMVVM.app */,
			);
			name = Products;
			sourceTree = "<group>";
		};
		6B1C9DF623427A50006F90AF /* Food2ForkMVVM */ = {
			isa = PBXGroup;
			children = (
				6B1C9DFB23427A50006F90AF /* Main.storyboard */,
				6B0BFF5A2343C89D009B07A2 /* PrimarySplitViewController.swift */,
				6B0D7AD72343336200B00609 /* FoodListViewController.swift */,
				6B0D7AD52343310800B00609 /* DetailViewController.swift */,
				6B23D6DA23448926001B57E5 /* Extention */,
				6B0D7AD9234338AE00B00609 /* APIManager */,
				6B0D7ADE2343460800B00609 /* Model */,
				6B1C9E0923427AA7006F90AF /* FoodTableViewCell */,
				6B1C9DFE23427A51006F90AF /* Assets.xcassets */,
				6B1C9E0023427A51006F90AF /* LaunchScreen.storyboard */,
				6B1C9DF723427A50006F90AF /* AppDelegate.swift */,
				6B1C9E0323427A51006F90AF /* Info.plist */,
			);
			path = Food2ForkMVVM;
			sourceTree = "<group>";
		};
		6B1C9E0923427AA7006F90AF /* FoodTableViewCell */ = {
			isa = PBXGroup;
			children = (
				6B1C9E0A23427ADC006F90AF /* FoodTableViewCell.swift */,
				6B1C9E0B23427ADC006F90AF /* FoodTableViewCell.xib */,
			);
			path = FoodTableViewCell;
			sourceTree = "<group>";
		};
		6B23D6DA23448926001B57E5 /* Extention */ = {
			isa = PBXGroup;
			children = (
				6B23D6DC23448999001B57E5 /* BlurLoader.swift */,
				6B09A11D2344B54100008AE7 /* LoadingAnimation.swift */,
			);
			path = Extention;
			sourceTree = "<group>";
		};
		6B7A31EF2343969700396399 /* Frameworks */ = {
			isa = PBXGroup;
			children = (
				6B7A31F02343969700396399 /* WebKit.framework */,
			);
			name = Frameworks;
			sourceTree = "<group>";
		};
/* End PBXGroup section */

/* Begin PBXNativeTarget section */
		6B1C9DF323427A50006F90AF /* Food2ForkMVVM */ = {
			isa = PBXNativeTarget;
			buildConfigurationList = 6B1C9E0623427A51006F90AF /* Build configuration list for PBXNativeTarget "Food2ForkMVVM" */;
			buildPhases = (
				6B1C9DF023427A50006F90AF /* Sources */,
				6B1C9DF123427A50006F90AF /* Frameworks */,
				6B1C9DF223427A50006F90AF /* Resources */,
			);
			buildRules = (
			);
			dependencies = (
			);
			name = Food2ForkMVVM;
			productName = Food2ForkMVVM;
			productReference = 6B1C9DF423427A50006F90AF /* Food2ForkMVVM.app */;
			productType = "com.apple.product-type.application";
		};
/* End PBXNativeTarget section */

/* Begin PBXProject section */
		6B1C9DEC23427A50006F90AF /* Project object */ = {
			isa = PBXProject;
			attributes = {
				LastSwiftUpdateCheck = 1020;
				LastUpgradeCheck = 1020;
				ORGANIZATIONNAME = "Bontar Mykhailo";
				TargetAttributes = {
					6B1C9DF323427A50006F90AF = {
						CreatedOnToolsVersion = 10.2.1;
					};
				};
			};
			buildConfigurationList = 6B1C9DEF23427A50006F90AF /* Build configuration list for PBXProject "Food2ForkMVVM" */;
			compatibilityVersion = "Xcode 9.3";
			developmentRegion = en;
			hasScannedForEncodings = 0;
			knownRegions = (
				en,
				Base,
			);
			mainGroup = 6B1C9DEB23427A50006F90AF;
			productRefGroup = 6B1C9DF523427A50006F90AF /* Products */;
			projectDirPath = "";
			projectRoot = "";
			targets = (
				6B1C9DF323427A50006F90AF /* Food2ForkMVVM */,
			);
		};
/* End PBXProject section */

/* Begin PBXResourcesBuildPhase section */
		6B1C9DF223427A50006F90AF /* Resources */ = {
			isa = PBXResourcesBuildPhase;
			buildActionMask = 2147483647;
			files = (
				6B1C9E0223427A51006F90AF /* LaunchScreen.storyboard in Resources */,
				6B1C9E0D23427ADC006F90AF /* FoodTableViewCell.xib in Resources */,
				6B1C9DFF23427A51006F90AF /* Assets.xcassets in Resources */,
				6B1C9DFD23427A50006F90AF /* Main.storyboard in Resources */,
			);
			runOnlyForDeploymentPostprocessing = 0;
		};
/* End PBXResourcesBuildPhase section */

/* Begin PBXSourcesBuildPhase section */
		6B1C9DF023427A50006F90AF /* Sources */ = {
			isa = PBXSourcesBuildPhase;
			buildActionMask = 2147483647;
			files = (
				6B1C9DF823427A50006F90AF /* AppDelegate.swift in Sources */,
				6B0BFF5B2343C89D009B07A2 /* PrimarySplitViewController.swift in Sources */,
				6B1C9E0C23427ADC006F90AF /* FoodTableViewCell.swift in Sources */,
				6B09A11E2344B54100008AE7 /* LoadingAnimation.swift in Sources */,
				6B0D7ADB234338D700B00609 /* APIManager.swift in Sources */,
				6BD4C8AA2345F33900D72A1E /* ImageFromUrl.swift in Sources */,
				6B0D7ADD234341B300B00609 /* RecipeModel.swift in Sources */,
				6B0D7AD82343336200B00609 /* FoodListViewController.swift in Sources */,
				6B23D6DD23448999001B57E5 /* BlurLoader.swift in Sources */,
				6B0D7AD62343310800B00609 /* DetailViewController.swift in Sources */,
			);
			runOnlyForDeploymentPostprocessing = 0;
		};
/* End PBXSourcesBuildPhase section */

/* Begin PBXVariantGroup section */
		6B1C9DFB23427A50006F90AF /* Main.storyboard */ = {
			isa = PBXVariantGroup;
			children = (
				6B1C9DFC23427A50006F90AF /* Base */,
			);
			name = Main.storyboard;
			sourceTree = "<group>";
		};
		6B1C9E0023427A51006F90AF /* LaunchScreen.storyboard */ = {
			isa = PBXVariantGroup;
			children = (
				6B1C9E0123427A51006F90AF /* Base */,
			);
			name = LaunchScreen.storyboard;
			sourceTree = "<group>";
		};
/* End PBXVariantGroup section */

/* Begin XCBuildConfiguration section */
		6B1C9E0423427A51006F90AF /* Debug */ = {
			isa = XCBuildConfiguration;
			buildSettings = {
				ALWAYS_SEARCH_USER_PATHS = NO;
				CLANG_ANALYZER_NONNULL = YES;
				CLANG_ANALYZER_NUMBER_OBJECT_CONVERSION = YES_AGGRESSIVE;
				CLANG_CXX_LANGUAGE_STANDARD = "gnu++14";
				CLANG_CXX_LIBRARY = "libc++";
				CLANG_ENABLE_MODULES = YES;
				CLANG_ENABLE_OBJC_ARC = YES;
				CLANG_ENABLE_OBJC_WEAK = YES;
				CLANG_WARN_BLOCK_CAPTURE_AUTORELEASING = YES;
				CLANG_WARN_BOOL_CONVERSION = YES;
				CLANG_WARN_COMMA = YES;
				CLANG_WARN_CONSTANT_CONVERSION = YES;
				CLANG_WARN_DEPRECATED_OBJC_IMPLEMENTATIONS = YES;
				CLANG_WARN_DIRECT_OBJC_ISA_USAGE = YES_ERROR;
				CLANG_WARN_DOCUMENTATION_COMMENTS = YES;
				CLANG_WARN_EMPTY_BODY = YES;
				CLANG_WARN_ENUM_CONVERSION = YES;
				CLANG_WARN_INFINITE_RECURSION = YES;
				CLANG_WARN_INT_CONVERSION = YES;
				CLANG_WARN_NON_LITERAL_NULL_CONVERSION = YES;
				CLANG_WARN_OBJC_IMPLICIT_RETAIN_SELF = YES;
				CLANG_WARN_OBJC_LITERAL_CONVERSION = YES;
				CLANG_WARN_OBJC_ROOT_CLASS = YES_ERROR;
				CLANG_WARN_RANGE_LOOP_ANALYSIS = YES;
				CLANG_WARN_STRICT_PROTOTYPES = YES;
				CLANG_WARN_SUSPICIOUS_MOVE = YES;
				CLANG_WARN_UNGUARDED_AVAILABILITY = YES_AGGRESSIVE;
				CLANG_WARN_UNREACHABLE_CODE = YES;
				CLANG_WARN__DUPLICATE_METHOD_MATCH = YES;
				CODE_SIGN_IDENTITY = "iPhone Developer";
				COPY_PHASE_STRIP = NO;
				DEBUG_INFORMATION_FORMAT = dwarf;
				ENABLE_STRICT_OBJC_MSGSEND = YES;
				ENABLE_TESTABILITY = YES;
				GCC_C_LANGUAGE_STANDARD = gnu11;
				GCC_DYNAMIC_NO_PIC = NO;
				GCC_NO_COMMON_BLOCKS = YES;
				GCC_OPTIMIZATION_LEVEL = 0;
				GCC_PREPROCESSOR_DEFINITIONS = (
					"DEBUG=1",
					"$(inherited)",
				);
				GCC_WARN_64_TO_32_BIT_CONVERSION = YES;
				GCC_WARN_ABOUT_RETURN_TYPE = YES_ERROR;
				GCC_WARN_UNDECLARED_SELECTOR = YES;
				GCC_WARN_UNINITIALIZED_AUTOS = YES_AGGRESSIVE;
				GCC_WARN_UNUSED_FUNCTION = YES;
				GCC_WARN_UNUSED_VARIABLE = YES;
				IPHONEOS_DEPLOYMENT_TARGET = 12.2;
				MTL_ENABLE_DEBUG_INFO = INCLUDE_SOURCE;
				MTL_FAST_MATH = YES;
				ONLY_ACTIVE_ARCH = YES;
				SDKROOT = iphoneos;
				SWIFT_ACTIVE_COMPILATION_CONDITIONS = DEBUG;
				SWIFT_OPTIMIZATION_LEVEL = "-Onone";
			};
			name = Debug;
		};
		6B1C9E0523427A51006F90AF /* Release */ = {
			isa = XCBuildConfiguration;
			buildSettings = {
				ALWAYS_SEARCH_USER_PATHS = NO;
				CLANG_ANALYZER_NONNULL = YES;
				CLANG_ANALYZER_NUMBER_OBJECT_CONVERSION = YES_AGGRESSIVE;
				CLANG_CXX_LANGUAGE_STANDARD = "gnu++14";
				CLANG_CXX_LIBRARY = "libc++";
				CLANG_ENABLE_MODULES = YES;
				CLANG_ENABLE_OBJC_ARC = YES;
				CLANG_ENABLE_OBJC_WEAK = YES;
				CLANG_WARN_BLOCK_CAPTURE_AUTORELEASING = YES;
				CLANG_WARN_BOOL_CONVERSION = YES;
				CLANG_WARN_COMMA = YES;
				CLANG_WARN_CONSTANT_CONVERSION = YES;
				CLANG_WARN_DEPRECATED_OBJC_IMPLEMENTATIONS = YES;
				CLANG_WARN_DIRECT_OBJC_ISA_USAGE = YES_ERROR;
				CLANG_WARN_DOCUMENTATION_COMMENTS = YES;
				CLANG_WARN_EMPTY_BODY = YES;
				CLANG_WARN_ENUM_CONVERSION = YES;
				CLANG_WARN_INFINITE_RECURSION = YES;
				CLANG_WARN_INT_CONVERSION = YES;
				CLANG_WARN_NON_LITERAL_NULL_CONVERSION = YES;
				CLANG_WARN_OBJC_IMPLICIT_RETAIN_SELF = YES;
				CLANG_WARN_OBJC_LITERAL_CONVERSION = YES;
				CLANG_WARN_OBJC_ROOT_CLASS = YES_ERROR;
				CLANG_WARN_RANGE_LOOP_ANALYSIS = YES;
				CLANG_WARN_STRICT_PROTOTYPES = YES;
				CLANG_WARN_SUSPICIOUS_MOVE = YES;
				CLANG_WARN_UNGUARDED_AVAILABILITY = YES_AGGRESSIVE;
				CLANG_WARN_UNREACHABLE_CODE = YES;
				CLANG_WARN__DUPLICATE_METHOD_MATCH = YES;
				CODE_SIGN_IDENTITY = "iPhone Developer";
				COPY_PHASE_STRIP = NO;
				DEBUG_INFORMATION_FORMAT = "dwarf-with-dsym";
				ENABLE_NS_ASSERTIONS = NO;
				ENABLE_STRICT_OBJC_MSGSEND = YES;
				GCC_C_LANGUAGE_STANDARD = gnu11;
				GCC_NO_COMMON_BLOCKS = YES;
				GCC_WARN_64_TO_32_BIT_CONVERSION = YES;
				GCC_WARN_ABOUT_RETURN_TYPE = YES_ERROR;
				GCC_WARN_UNDECLARED_SELECTOR = YES;
				GCC_WARN_UNINITIALIZED_AUTOS = YES_AGGRESSIVE;
				GCC_WARN_UNUSED_FUNCTION = YES;
				GCC_WARN_UNUSED_VARIABLE = YES;
				IPHONEOS_DEPLOYMENT_TARGET = 12.2;
				MTL_ENABLE_DEBUG_INFO = NO;
				MTL_FAST_MATH = YES;
				SDKROOT = iphoneos;
				SWIFT_COMPILATION_MODE = wholemodule;
				SWIFT_OPTIMIZATION_LEVEL = "-O";
				VALIDATE_PRODUCT = YES;
			};
			name = Release;
		};
		6B1C9E0723427A51006F90AF /* Debug */ = {
			isa = XCBuildConfiguration;
			buildSettings = {
				ASSETCATALOG_COMPILER_APPICON_NAME = AppIcon;
				CODE_SIGN_STYLE = Automatic;
				DEVELOPMENT_TEAM = 968LCMXW92;
				INFOPLIST_FILE = Food2ForkMVVM/Info.plist;
				LD_RUNPATH_SEARCH_PATHS = (
					"$(inherited)",
					"@executable_path/Frameworks",
				);
				PRODUCT_BUNDLE_IDENTIFIER = Bontar.Food2ForkMVVM;
				PRODUCT_NAME = "$(TARGET_NAME)";
				SWIFT_VERSION = 5.0;
				TARGETED_DEVICE_FAMILY = "1,2";
			};
			name = Debug;
		};
		6B1C9E0823427A51006F90AF /* Release */ = {
			isa = XCBuildConfiguration;
			buildSettings = {
				ASSETCATALOG_COMPILER_APPICON_NAME = AppIcon;
				CODE_SIGN_STYLE = Automatic;
				DEVELOPMENT_TEAM = 968LCMXW92;
				INFOPLIST_FILE = Food2ForkMVVM/Info.plist;
				LD_RUNPATH_SEARCH_PATHS = (
					"$(inherited)",
					"@executable_path/Frameworks",
				);
				PRODUCT_BUNDLE_IDENTIFIER = Bontar.Food2ForkMVVM;
				PRODUCT_NAME = "$(TARGET_NAME)";
				SWIFT_VERSION = 5.0;
				TARGETED_DEVICE_FAMILY = "1,2";
			};
			name = Release;
		};
/* End XCBuildConfiguration section */

/* Begin XCConfigurationList section */
		6B1C9DEF23427A50006F90AF /* Build configuration list for PBXProject "Food2ForkMVVM" */ = {
			isa = XCConfigurationList;
			buildConfigurations = (
				6B1C9E0423427A51006F90AF /* Debug */,
				6B1C9E0523427A51006F90AF /* Release */,
			);
			defaultConfigurationIsVisible = 0;
			defaultConfigurationName = Release;
		};
		6B1C9E0623427A51006F90AF /* Build configuration list for PBXNativeTarget "Food2ForkMVVM" */ = {
			isa = XCConfigurationList;
			buildConfigurations = (
				6B1C9E0723427A51006F90AF /* Debug */,
				6B1C9E0823427A51006F90AF /* Release */,
			);
			defaultConfigurationIsVisible = 0;
			defaultConfigurationName = Release;
		};
/* End XCConfigurationList section */
	};
	rootObject = 6B1C9DEC23427A50006F90AF /* Project object */;
}
